{
  "name": "speakifyit",
  "version": "0.0.1",
  "lockfileVersion": 1,
  "requires": true,
  "dependencies": {
    "throttleit": {
      "version": "1.0.0",
      "resolved": "https://registry.npmjs.org/throttleit/-/throttleit-1.0.0.tgz",
      "integrity": "sha1-nnhYNtr0Z0MUWlmEtiaNgoUorGw="
    },
    "vue": {
      "version": "2.5.8",
      "resolved": "https://registry.npmjs.org/vue/-/vue-2.5.8.tgz",
      "integrity": "sha512-aY26SGDHJTCKM+mndzuiQ0dozPpNeWO5Mtq760OrHO0AOiqVHMhzvU5h0LdCkVF9A+vE+DMTm74xSi+sxnMEDg==",
      "dev": true
    },
    "vue-mugen-scroll": {
      "version": "0.2.5",
      "resolved": "https://registry.npmjs.org/vue-mugen-scroll/-/vue-mugen-scroll-0.2.5.tgz",
      "integrity": "sha1-ppwuLia72ERNqIvEV/i51UM2SSQ=",
      "requires": {
        "throttleit": "1.0.0"
      }
    },
    "vue-waypoint": {
      "version": "2.5.0",
      "resolved": "https://registry.npmjs.org/vue-waypoint/-/vue-waypoint-2.5.0.tgz",
      "integrity": "sha512-xWzAY9dwd4ai5gtJ+uwUwPGFl2Igp0yWZtywRJ4hcU4BmRzY/vS7AJgD7XXFBWTjUdhIRkKSdhD8S3qBYsNbXA==",
      "dev": true,
      "requires": {
        "vue": "2.5.8"
      }
    }
  }
}
